// !$*UTF8*$!
{
	archiveVersion = 1;
	classes = {
	};
	objectVersion = 56;
	objects = {

/* Begin PBXBuildFile section */
		43020DAD2A06A12E00A9236B /* MainView.swift in Sources */ = {isa = PBXBuildFile; fileRef = 43020DAC2A06A12E00A9236B /* MainView.swift */; };
		43020DAF2A06A40D00A9236B /* ExcerciseView.swift in Sources */ = {isa = PBXBuildFile; fileRef = 43020DAE2A06A40D00A9236B /* ExcerciseView.swift */; };
		43020DB22A06A8EC00A9236B /* BreathingView.swift in Sources */ = {isa = PBXBuildFile; fileRef = 43020DB12A06A8EC00A9236B /* BreathingView.swift */; };
		43020DB42A0728F500A9236B /* CardPreviewView.swift in Sources */ = {isa = PBXBuildFile; fileRef = 43020DB32A0728F500A9236B /* CardPreviewView.swift */; };
		4305AC2F2A05AAB900BCCCD8 /* breathApp.swift in Sources */ = {isa = PBXBuildFile; fileRef = 4305AC2E2A05AAB900BCCCD8 /* breathApp.swift */; };
		4305AC312A05AAB900BCCCD8 /* ContentView.swift in Sources */ = {isa = PBXBuildFile; fileRef = 4305AC302A05AAB900BCCCD8 /* ContentView.swift */; };
		4305AC332A05AABA00BCCCD8 /* Assets.xcassets in Resources */ = {isa = PBXBuildFile; fileRef = 4305AC322A05AABA00BCCCD8 /* Assets.xcassets */; };
		4305AC362A05AABA00BCCCD8 /* Preview Assets.xcassets in Resources */ = {isa = PBXBuildFile; fileRef = 4305AC352A05AABA00BCCCD8 /* Preview Assets.xcassets */; };
		4305AC382A05AABA00BCCCD8 /* Persistence.swift in Sources */ = {isa = PBXBuildFile; fileRef = 4305AC372A05AABA00BCCCD8 /* Persistence.swift */; };
		4305AC3B2A05AABA00BCCCD8 /* breath.xcdatamodeld in Sources */ = {isa = PBXBuildFile; fileRef = 4305AC392A05AABA00BCCCD8 /* breath.xcdatamodeld */; };
		4305AC462A05AABA00BCCCD8 /* breathTests.swift in Sources */ = {isa = PBXBuildFile; fileRef = 4305AC452A05AABA00BCCCD8 /* breathTests.swift */; };
		4305AC502A05AABA00BCCCD8 /* breathUITests.swift in Sources */ = {isa = PBXBuildFile; fileRef = 4305AC4F2A05AABA00BCCCD8 /* breathUITests.swift */; };
		4305AC522A05AABA00BCCCD8 /* breathUITestsLaunchTests.swift in Sources */ = {isa = PBXBuildFile; fileRef = 4305AC512A05AABA00BCCCD8 /* breathUITestsLaunchTests.swift */; };
		4305AC622A05AB6B00BCCCD8 /* ExercisesView.swift in Sources */ = {isa = PBXBuildFile; fileRef = 4305AC612A05AB6B00BCCCD8 /* ExercisesView.swift */; };
/* End PBXBuildFile section */

/* Begin PBXContainerItemProxy section */
		4305AC422A05AABA00BCCCD8 /* PBXContainerItemProxy */ = {
			isa = PBXContainerItemProxy;
			containerPortal = 4305AC232A05AAB900BCCCD8 /* Project object */;
			proxyType = 1;
			remoteGlobalIDString = 4305AC2A2A05AAB900BCCCD8;
			remoteInfo = breath;
		};
		4305AC4C2A05AABA00BCCCD8 /* PBXContainerItemProxy */ = {
			isa = PBXContainerItemProxy;
			containerPortal = 4305AC232A05AAB900BCCCD8 /* Project object */;
			proxyType = 1;
			remoteGlobalIDString = 4305AC2A2A05AAB900BCCCD8;
			remoteInfo = breath;
		};
/* End PBXContainerItemProxy section */

/* Begin PBXFileReference section */
		43020DAC2A06A12E00A9236B /* MainView.swift */ = {isa = PBXFileReference; lastKnownFileType = sourcecode.swift; path = MainView.swift; sourceTree = "<group>"; };
		43020DAE2A06A40D00A9236B /* ExcerciseView.swift */ = {isa = PBXFileReference; lastKnownFileType = sourcecode.swift; path = ExcerciseView.swift; sourceTree = "<group>"; };
		43020DB12A06A8EC00A9236B /* BreathingView.swift */ = {isa = PBXFileReference; lastKnownFileType = sourcecode.swift; path = BreathingView.swift; sourceTree = "<group>"; };
		43020DB32A0728F500A9236B /* CardPreviewView.swift */ = {isa = PBXFileReference; lastKnownFileType = sourcecode.swift; path = CardPreviewView.swift; sourceTree = "<group>"; };
		4305AC2B2A05AAB900BCCCD8 /* breath.app */ = {isa = PBXFileReference; explicitFileType = wrapper.application; includeInIndex = 0; path = breath.app; sourceTree = BUILT_PRODUCTS_DIR; };
		4305AC2E2A05AAB900BCCCD8 /* breathApp.swift */ = {isa = PBXFileReference; lastKnownFileType = sourcecode.swift; path = breathApp.swift; sourceTree = "<group>"; };
		4305AC302A05AAB900BCCCD8 /* ContentView.swift */ = {isa = PBXFileReference; lastKnownFileType = sourcecode.swift; path = ContentView.swift; sourceTree = "<group>"; };
		4305AC322A05AABA00BCCCD8 /* Assets.xcassets */ = {isa = PBXFileReference; lastKnownFileType = folder.assetcatalog; path = Assets.xcassets; sourceTree = "<group>"; };
		4305AC352A05AABA00BCCCD8 /* Preview Assets.xcassets */ = {isa = PBXFileReference; lastKnownFileType = folder.assetcatalog; path = "Preview Assets.xcassets"; sourceTree = "<group>"; };
		4305AC372A05AABA00BCCCD8 /* Persistence.swift */ = {isa = PBXFileReference; lastKnownFileType = sourcecode.swift; path = Persistence.swift; sourceTree = "<group>"; };
		4305AC3A2A05AABA00BCCCD8 /* breath.xcdatamodel */ = {isa = PBXFileReference; lastKnownFileType = wrapper.xcdatamodel; path = breath.xcdatamodel; sourceTree = "<group>"; };
		4305AC3C2A05AABA00BCCCD8 /* Info.plist */ = {isa = PBXFileReference; lastKnownFileType = text.plist.xml; path = Info.plist; sourceTree = "<group>"; };
		4305AC412A05AABA00BCCCD8 /* breathTests.xctest */ = {isa = PBXFileReference; explicitFileType = wrapper.cfbundle; includeInIndex = 0; path = breathTests.xctest; sourceTree = BUILT_PRODUCTS_DIR; };
		4305AC452A05AABA00BCCCD8 /* breathTests.swift */ = {isa = PBXFileReference; lastKnownFileType = sourcecode.swift; path = breathTests.swift; sourceTree = "<group>"; };
		4305AC4B2A05AABA00BCCCD8 /* breathUITests.xctest */ = {isa = PBXFileReference; explicitFileType = wrapper.cfbundle; includeInIndex = 0; path = breathUITests.xctest; sourceTree = BUILT_PRODUCTS_DIR; };
		4305AC4F2A05AABA00BCCCD8 /* breathUITests.swift */ = {isa = PBXFileReference; lastKnownFileType = sourcecode.swift; path = breathUITests.swift; sourceTree = "<group>"; };
		4305AC512A05AABA00BCCCD8 /* breathUITestsLaunchTests.swift */ = {isa = PBXFileReference; lastKnownFileType = sourcecode.swift; path = breathUITestsLaunchTests.swift; sourceTree = "<group>"; };
		4305AC612A05AB6B00BCCCD8 /* ExercisesView.swift */ = {isa = PBXFileReference; lastKnownFileType = sourcecode.swift; path = ExercisesView.swift; sourceTree = "<group>"; };
/* End PBXFileReference section */

/* Begin PBXFrameworksBuildPhase section */
		4305AC282A05AAB900BCCCD8 /* Frameworks */ = {
			isa = PBXFrameworksBuildPhase;
			buildActionMask = 2147483647;
			files = (
			);
			runOnlyForDeploymentPostprocessing = 0;
		};
		4305AC3E2A05AABA00BCCCD8 /* Frameworks */ = {
			isa = PBXFrameworksBuildPhase;
			buildActionMask = 2147483647;
			files = (
			);
			runOnlyForDeploymentPostprocessing = 0;
		};
		4305AC482A05AABA00BCCCD8 /* Frameworks */ = {
			isa = PBXFrameworksBuildPhase;
			buildActionMask = 2147483647;
			files = (
			);
			runOnlyForDeploymentPostprocessing = 0;
		};
/* End PBXFrameworksBuildPhase section */

/* Begin PBXGroup section */
		43020DB02A06A61000A9236B /* Assets */ = {
			isa = PBXGroup;
			children = (
				4305AC322A05AABA00BCCCD8 /* Assets.xcassets */,
			);
			path = Assets;
			sourceTree = "<group>";
		};
		4305AC222A05AAB900BCCCD8 = {
			isa = PBXGroup;
			children = (
				4305AC2D2A05AAB900BCCCD8 /* breath */,
				4305AC442A05AABA00BCCCD8 /* breathTests */,
				4305AC4E2A05AABA00BCCCD8 /* breathUITests */,
				4305AC2C2A05AAB900BCCCD8 /* Products */,
			);
			sourceTree = "<group>";
		};
		4305AC2C2A05AAB900BCCCD8 /* Products */ = {
			isa = PBXGroup;
			children = (
				4305AC2B2A05AAB900BCCCD8 /* breath.app */,
				4305AC412A05AABA00BCCCD8 /* breathTests.xctest */,
				4305AC4B2A05AABA00BCCCD8 /* breathUITests.xctest */,
			);
			name = Products;
			sourceTree = "<group>";
		};
		4305AC2D2A05AAB900BCCCD8 /* breath */ = {
			isa = PBXGroup;
			children = (
				4305AC342A05AABA00BCCCD8 /* Preview Content */,
				43020DB02A06A61000A9236B /* Assets */,
				4305AC602A05AB0D00BCCCD8 /* Controller */,
				4305AC5F2A05AB0300BCCCD8 /* View */,
				4305AC5E2A05AAFB00BCCCD8 /* Model */,
				4305AC3C2A05AABA00BCCCD8 /* Info.plist */,
				4305AC392A05AABA00BCCCD8 /* breath.xcdatamodeld */,
				4305AC2E2A05AAB900BCCCD8 /* breathApp.swift */,
			);
			path = breath;
			sourceTree = "<group>";
		};
		4305AC342A05AABA00BCCCD8 /* Preview Content */ = {
			isa = PBXGroup;
			children = (
				4305AC352A05AABA00BCCCD8 /* Preview Assets.xcassets */,
			);
			path = "Preview Content";
			sourceTree = "<group>";
		};
		4305AC442A05AABA00BCCCD8 /* breathTests */ = {
			isa = PBXGroup;
			children = (
				4305AC452A05AABA00BCCCD8 /* breathTests.swift */,
			);
			path = breathTests;
			sourceTree = "<group>";
		};
		4305AC4E2A05AABA00BCCCD8 /* breathUITests */ = {
			isa = PBXGroup;
			children = (
				4305AC4F2A05AABA00BCCCD8 /* breathUITests.swift */,
				4305AC512A05AABA00BCCCD8 /* breathUITestsLaunchTests.swift */,
			);
			path = breathUITests;
			sourceTree = "<group>";
		};
		4305AC5E2A05AAFB00BCCCD8 /* Model */ = {
			isa = PBXGroup;
			children = (
			);
			path = Model;
			sourceTree = "<group>";
		};
		4305AC5F2A05AB0300BCCCD8 /* View */ = {
			isa = PBXGroup;
			children = (
				4305AC302A05AAB900BCCCD8 /* ContentView.swift */,
				4305AC612A05AB6B00BCCCD8 /* ExercisesView.swift */,
				43020DAC2A06A12E00A9236B /* MainView.swift */,
				43020DAE2A06A40D00A9236B /* ExcerciseView.swift */,
				43020DB12A06A8EC00A9236B /* BreathingView.swift */,
				43020DB32A0728F500A9236B /* CardPreviewView.swift */,
			);
			path = View;
			sourceTree = "<group>";
		};
		4305AC602A05AB0D00BCCCD8 /* Controller */ = {
			isa = PBXGroup;
			children = (
				4305AC372A05AABA00BCCCD8 /* Persistence.swift */,
			);
			path = Controller;
			sourceTree = "<group>";
		};
/* End PBXGroup section */

/* Begin PBXNativeTarget section */
		4305AC2A2A05AAB900BCCCD8 /* breath */ = {
			isa = PBXNativeTarget;
			buildConfigurationList = 4305AC552A05AABA00BCCCD8 /* Build configuration list for PBXNativeTarget "breath" */;
			buildPhases = (
				4305AC272A05AAB900BCCCD8 /* Sources */,
				4305AC282A05AAB900BCCCD8 /* Frameworks */,
				4305AC292A05AAB900BCCCD8 /* Resources */,
			);
			buildRules = (
			);
			dependencies = (
			);
			name = breath;
			productName = breath;
			productReference = 4305AC2B2A05AAB900BCCCD8 /* breath.app */;
			productType = "com.apple.product-type.application";
		};
		4305AC402A05AABA00BCCCD8 /* breathTests */ = {
			isa = PBXNativeTarget;
			buildConfigurationList = 4305AC582A05AABA00BCCCD8 /* Build configuration list for PBXNativeTarget "breathTests" */;
			buildPhases = (
				4305AC3D2A05AABA00BCCCD8 /* Sources */,
				4305AC3E2A05AABA00BCCCD8 /* Frameworks */,
				4305AC3F2A05AABA00BCCCD8 /* Resources */,
			);
			buildRules = (
			);
			dependencies = (
				4305AC432A05AABA00BCCCD8 /* PBXTargetDependency */,
			);
			name = breathTests;
			productName = breathTests;
			productReference = 4305AC412A05AABA00BCCCD8 /* breathTests.xctest */;
			productType = "com.apple.product-type.bundle.unit-test";
		};
		4305AC4A2A05AABA00BCCCD8 /* breathUITests */ = {
			isa = PBXNativeTarget;
			buildConfigurationList = 4305AC5B2A05AABA00BCCCD8 /* Build configuration list for PBXNativeTarget "breathUITests" */;
			buildPhases = (
				4305AC472A05AABA00BCCCD8 /* Sources */,
				4305AC482A05AABA00BCCCD8 /* Frameworks */,
				4305AC492A05AABA00BCCCD8 /* Resources */,
			);
			buildRules = (
			);
			dependencies = (
				4305AC4D2A05AABA00BCCCD8 /* PBXTargetDependency */,
			);
			name = breathUITests;
			productName = breathUITests;
			productReference = 4305AC4B2A05AABA00BCCCD8 /* breathUITests.xctest */;
			productType = "com.apple.product-type.bundle.ui-testing";
		};
/* End PBXNativeTarget section */

/* Begin PBXProject section */
		4305AC232A05AAB900BCCCD8 /* Project object */ = {
			isa = PBXProject;
			attributes = {
				BuildIndependentTargetsInParallel = 1;
				LastSwiftUpdateCheck = 1430;
				LastUpgradeCheck = 1430;
				TargetAttributes = {
					4305AC2A2A05AAB900BCCCD8 = {
						CreatedOnToolsVersion = 14.3;
					};
					4305AC402A05AABA00BCCCD8 = {
						CreatedOnToolsVersion = 14.3;
						TestTargetID = 4305AC2A2A05AAB900BCCCD8;
					};
					4305AC4A2A05AABA00BCCCD8 = {
						CreatedOnToolsVersion = 14.3;
						TestTargetID = 4305AC2A2A05AAB900BCCCD8;
					};
				};
			};
			buildConfigurationList = 4305AC262A05AAB900BCCCD8 /* Build configuration list for PBXProject "breath" */;
			compatibilityVersion = "Xcode 14.0";
			developmentRegion = en;
			hasScannedForEncodings = 0;
			knownRegions = (
				en,
				Base,
			);
			mainGroup = 4305AC222A05AAB900BCCCD8;
			productRefGroup = 4305AC2C2A05AAB900BCCCD8 /* Products */;
			projectDirPath = "";
			projectRoot = "";
			targets = (
				4305AC2A2A05AAB900BCCCD8 /* breath */,
				4305AC402A05AABA00BCCCD8 /* breathTests */,
				4305AC4A2A05AABA00BCCCD8 /* breathUITests */,
			);
		};
/* End PBXProject section */

/* Begin PBXResourcesBuildPhase section */
		4305AC292A05AAB900BCCCD8 /* Resources */ = {
			isa = PBXResourcesBuildPhase;
			buildActionMask = 2147483647;
			files = (
				4305AC362A05AABA00BCCCD8 /* Preview Assets.xcassets in Resources */,
				4305AC332A05AABA00BCCCD8 /* Assets.xcassets in Resources */,
			);
			runOnlyForDeploymentPostprocessing = 0;
		};
		4305AC3F2A05AABA00BCCCD8 /* Resources */ = {
			isa = PBXResourcesBuildPhase;
			buildActionMask = 2147483647;
			files = (
			);
			runOnlyForDeploymentPostprocessing = 0;
		};
		4305AC492A05AABA00BCCCD8 /* Resources */ = {
			isa = PBXResourcesBuildPhase;
			buildActionMask = 2147483647;
			files = (
			);
			runOnlyForDeploymentPostprocessing = 0;
		};
/* End PBXResourcesBuildPhase section */

/* Begin PBXSourcesBuildPhase section */
		4305AC272A05AAB900BCCCD8 /* Sources */ = {
			isa = PBXSourcesBuildPhase;
			buildActionMask = 2147483647;
			files = (
				4305AC382A05AABA00BCCCD8 /* Persistence.swift in Sources */,
				43020DAD2A06A12E00A9236B /* MainView.swift in Sources */,
				4305AC3B2A05AABA00BCCCD8 /* breath.xcdatamodeld in Sources */,
				43020DAF2A06A40D00A9236B /* ExcerciseView.swift in Sources */,
				4305AC312A05AAB900BCCCD8 /* ContentView.swift in Sources */,
				43020DB22A06A8EC00A9236B /* BreathingView.swift in Sources */,
				4305AC622A05AB6B00BCCCD8 /* ExercisesView.swift in Sources */,
				4305AC2F2A05AAB900BCCCD8 /* breathApp.swift in Sources */,
				43020DB42A0728F500A9236B /* CardPreviewView.swift in Sources */,
			);
			runOnlyForDeploymentPostprocessing = 0;
		};
		4305AC3D2A05AABA00BCCCD8 /* Sources */ = {
			isa = PBXSourcesBuildPhase;
			buildActionMask = 2147483647;
			files = (
				4305AC462A05AABA00BCCCD8 /* breathTests.swift in Sources */,
			);
			runOnlyForDeploymentPostprocessing = 0;
		};
		4305AC472A05AABA00BCCCD8 /* Sources */ = {
			isa = PBXSourcesBuildPhase;
			buildActionMask = 2147483647;
			files = (
				4305AC522A05AABA00BCCCD8 /* breathUITestsLaunchTests.swift in Sources */,
				4305AC502A05AABA00BCCCD8 /* breathUITests.swift in Sources */,
			);
			runOnlyForDeploymentPostprocessing = 0;
		};
/* End PBXSourcesBuildPhase section */

/* Begin PBXTargetDependency section */
		4305AC432A05AABA00BCCCD8 /* PBXTargetDependency */ = {
			isa = PBXTargetDependency;
			target = 4305AC2A2A05AAB900BCCCD8 /* breath */;
			targetProxy = 4305AC422A05AABA00BCCCD8 /* PBXContainerItemProxy */;
		};
		4305AC4D2A05AABA00BCCCD8 /* PBXTargetDependency */ = {
			isa = PBXTargetDependency;
			target = 4305AC2A2A05AAB900BCCCD8 /* breath */;
			targetProxy = 4305AC4C2A05AABA00BCCCD8 /* PBXContainerItemProxy */;
		};
/* End PBXTargetDependency section */

/* Begin XCBuildConfiguration section */
		4305AC532A05AABA00BCCCD8 /* Debug */ = {
			isa = XCBuildConfiguration;
			buildSettings = {
				ALWAYS_SEARCH_USER_PATHS = NO;
				CLANG_ANALYZER_NONNULL = YES;
				CLANG_ANALYZER_NUMBER_OBJECT_CONVERSION = YES_AGGRESSIVE;
				CLANG_CXX_LANGUAGE_STANDARD = "gnu++20";
				CLANG_ENABLE_MODULES = YES;
				CLANG_ENABLE_OBJC_ARC = YES;
				CLANG_ENABLE_OBJC_WEAK = YES;
				CLANG_WARN_BLOCK_CAPTURE_AUTORELEASING = YES;
				CLANG_WARN_BOOL_CONVERSION = YES;
				CLANG_WARN_COMMA = YES;
				CLANG_WARN_CONSTANT_CONVERSION = YES;
				CLANG_WARN_DEPRECATED_OBJC_IMPLEMENTATIONS = YES;
				CLANG_WARN_DIRECT_OBJC_ISA_USAGE = YES_ERROR;
				CLANG_WARN_DOCUMENTATION_COMMENTS = YES;
				CLANG_WARN_EMPTY_BODY = YES;
				CLANG_WARN_ENUM_CONVERSION = YES;
				CLANG_WARN_INFINITE_RECURSION = YES;
				CLANG_WARN_INT_CONVERSION = YES;
				CLANG_WARN_NON_LITERAL_NULL_CONVERSION = YES;
				CLANG_WARN_OBJC_IMPLICIT_RETAIN_SELF = YES;
				CLANG_WARN_OBJC_LITERAL_CONVERSION = YES;
				CLANG_WARN_OBJC_ROOT_CLASS = YES_ERROR;
				CLANG_WARN_QUOTED_INCLUDE_IN_FRAMEWORK_HEADER = YES;
				CLANG_WARN_RANGE_LOOP_ANALYSIS = YES;
				CLANG_WARN_STRICT_PROTOTYPES = YES;
				CLANG_WARN_SUSPICIOUS_MOVE = YES;
				CLANG_WARN_UNGUARDED_AVAILABILITY = YES_AGGRESSIVE;
				CLANG_WARN_UNREACHABLE_CODE = YES;
				CLANG_WARN__DUPLICATE_METHOD_MATCH = YES;
				COPY_PHASE_STRIP = NO;
				DEBUG_INFORMATION_FORMAT = dwarf;
				ENABLE_STRICT_OBJC_MSGSEND = YES;
				ENABLE_TESTABILITY = YES;
				GCC_C_LANGUAGE_STANDARD = gnu11;
				GCC_DYNAMIC_NO_PIC = NO;
				GCC_NO_COMMON_BLOCKS = YES;
				GCC_OPTIMIZATION_LEVEL = 0;
				GCC_PREPROCESSOR_DEFINITIONS = (
					"DEBUG=1",
					"$(inherited)",
				);
				GCC_WARN_64_TO_32_BIT_CONVERSION = YES;
				GCC_WARN_ABOUT_RETURN_TYPE = YES_ERROR;
				GCC_WARN_UNDECLARED_SELECTOR = YES;
				GCC_WARN_UNINITIALIZED_AUTOS = YES_AGGRESSIVE;
				GCC_WARN_UNUSED_FUNCTION = YES;
				GCC_WARN_UNUSED_VARIABLE = YES;
				IPHONEOS_DEPLOYMENT_TARGET = 16.4;
				MTL_ENABLE_DEBUG_INFO = INCLUDE_SOURCE;
				MTL_FAST_MATH = YES;
				ONLY_ACTIVE_ARCH = YES;
				SDKROOT = iphoneos;
				SWIFT_ACTIVE_COMPILATION_CONDITIONS = DEBUG;
				SWIFT_OPTIMIZATION_LEVEL = "-Onone";
			};
			name = Debug;
		};
		4305AC542A05AABA00BCCCD8 /* Release */ = {
			isa = XCBuildConfiguration;
			buildSettings = {
				ALWAYS_SEARCH_USER_PATHS = NO;
				CLANG_ANALYZER_NONNULL = YES;
				CLANG_ANALYZER_NUMBER_OBJECT_CONVERSION = YES_AGGRESSIVE;
				CLANG_CXX_LANGUAGE_STANDARD = "gnu++20";
				CLANG_ENABLE_MODULES = YES;
				CLANG_ENABLE_OBJC_ARC = YES;
				CLANG_ENABLE_OBJC_WEAK = YES;
				CLANG_WARN_BLOCK_CAPTURE_AUTORELEASING = YES;
				CLANG_WARN_BOOL_CONVERSION = YES;
				CLANG_WARN_COMMA = YES;
				CLANG_WARN_CONSTANT_CONVERSION = YES;
				CLANG_WARN_DEPRECATED_OBJC_IMPLEMENTATIONS = YES;
				CLANG_WARN_DIRECT_OBJC_ISA_USAGE = YES_ERROR;
				CLANG_WARN_DOCUMENTATION_COMMENTS = YES;
				CLANG_WARN_EMPTY_BODY = YES;
				CLANG_WARN_ENUM_CONVERSION = YES;
				CLANG_WARN_INFINITE_RECURSION = YES;
				CLANG_WARN_INT_CONVERSION = YES;
				CLANG_WARN_NON_LITERAL_NULL_CONVERSION = YES;
				CLANG_WARN_OBJC_IMPLICIT_RETAIN_SELF = YES;
				CLANG_WARN_OBJC_LITERAL_CONVERSION = YES;
				CLANG_WARN_OBJC_ROOT_CLASS = YES_ERROR;
				CLANG_WARN_QUOTED_INCLUDE_IN_FRAMEWORK_HEADER = YES;
				CLANG_WARN_RANGE_LOOP_ANALYSIS = YES;
				CLANG_WARN_STRICT_PROTOTYPES = YES;
				CLANG_WARN_SUSPICIOUS_MOVE = YES;
				CLANG_WARN_UNGUARDED_AVAILABILITY = YES_AGGRESSIVE;
				CLANG_WARN_UNREACHABLE_CODE = YES;
				CLANG_WARN__DUPLICATE_METHOD_MATCH = YES;
				COPY_PHASE_STRIP = NO;
				DEBUG_INFORMATION_FORMAT = "dwarf-with-dsym";
				ENABLE_NS_ASSERTIONS = NO;
				ENABLE_STRICT_OBJC_MSGSEND = YES;
				GCC_C_LANGUAGE_STANDARD = gnu11;
				GCC_NO_COMMON_BLOCKS = YES;
				GCC_WARN_64_TO_32_BIT_CONVERSION = YES;
				GCC_WARN_ABOUT_RETURN_TYPE = YES_ERROR;
				GCC_WARN_UNDECLARED_SELECTOR = YES;
				GCC_WARN_UNINITIALIZED_AUTOS = YES_AGGRESSIVE;
				GCC_WARN_UNUSED_FUNCTION = YES;
				GCC_WARN_UNUSED_VARIABLE = YES;
				IPHONEOS_DEPLOYMENT_TARGET = 16.4;
				MTL_ENABLE_DEBUG_INFO = NO;
				MTL_FAST_MATH = YES;
				SDKROOT = iphoneos;
				SWIFT_COMPILATION_MODE = wholemodule;
				SWIFT_OPTIMIZATION_LEVEL = "-O";
				VALIDATE_PRODUCT = YES;
			};
			name = Release;
		};
		4305AC562A05AABA00BCCCD8 /* Debug */ = {
			isa = XCBuildConfiguration;
			buildSettings = {
				ASSETCATALOG_COMPILER_APPICON_NAME = AppIcon;
				ASSETCATALOG_COMPILER_GLOBAL_ACCENT_COLOR_NAME = AccentColor;
				CODE_SIGN_STYLE = Automatic;
				CURRENT_PROJECT_VERSION = 1;
				DEVELOPMENT_ASSET_PATHS = "\"breath/Preview Content\"";
				DEVELOPMENT_TEAM = 3VL3FJXX72;
				ENABLE_PREVIEWS = YES;
				GENERATE_INFOPLIST_FILE = YES;
				INFOPLIST_KEY_UIApplicationSceneManifest_Generation = YES;
				INFOPLIST_KEY_UIApplicationSupportsIndirectInputEvents = YES;
				INFOPLIST_KEY_UILaunchScreen_Generation = YES;
				INFOPLIST_KEY_UISupportedInterfaceOrientations_iPad = "UIInterfaceOrientationPortrait UIInterfaceOrientationPortraitUpsideDown UIInterfaceOrientationLandscapeLeft UIInterfaceOrientationLandscapeRight";
				INFOPLIST_KEY_UISupportedInterfaceOrientations_iPhone = "UIInterfaceOrientationPortrait UIInterfaceOrientationLandscapeLeft UIInterfaceOrientationLandscapeRight";
				LD_RUNPATH_SEARCH_PATHS = (
					"$(inherited)",
					"@executable_path/Frameworks",
				);
				MARKETING_VERSION = 1.0;
				PRODUCT_BUNDLE_IDENTIFIER = com.benjaminsurrey.breath;
				PRODUCT_NAME = "$(TARGET_NAME)";
				SWIFT_EMIT_LOC_STRINGS = YES;
				SWIFT_VERSION = 5.0;
				TARGETED_DEVICE_FAMILY = "1,2";
			};
			name = Debug;
		};
		4305AC572A05AABA00BCCCD8 /* Release */ = {
			isa = XCBuildConfiguration;
			buildSettings = {
				ASSETCATALOG_COMPILER_APPICON_NAME = AppIcon;
				ASSETCATALOG_COMPILER_GLOBAL_ACCENT_COLOR_NAME = AccentColor;
				CODE_SIGN_STYLE = Automatic;
				CURRENT_PROJECT_VERSION = 1;
				DEVELOPMENT_ASSET_PATHS = "\"breath/Preview Content\"";
				DEVELOPMENT_TEAM = 3VL3FJXX72;
				ENABLE_PREVIEWS = YES;
				GENERATE_INFOPLIST_FILE = YES;
				INFOPLIST_KEY_UIApplicationSceneManifest_Generation = YES;
				INFOPLIST_KEY_UIApplicationSupportsIndirectInputEvents = YES;
				INFOPLIST_KEY_UILaunchScreen_Generation = YES;
				INFOPLIST_KEY_UISupportedInterfaceOrientations_iPad = "UIInterfaceOrientationPortrait UIInterfaceOrientationPortraitUpsideDown UIInterfaceOrientationLandscapeLeft UIInterfaceOrientationLandscapeRight";
				INFOPLIST_KEY_UISupportedInterfaceOrientations_iPhone = "UIInterfaceOrientationPortrait UIInterfaceOrientationLandscapeLeft UIInterfaceOrientationLandscapeRight";
				LD_RUNPATH_SEARCH_PATHS = (
					"$(inherited)",
					"@executable_path/Frameworks",
				);
				MARKETING_VERSION = 1.0;
				PRODUCT_BUNDLE_IDENTIFIER = com.benjaminsurrey.breath;
				PRODUCT_NAME = "$(TARGET_NAME)";
				SWIFT_EMIT_LOC_STRINGS = YES;
				SWIFT_VERSION = 5.0;
				TARGETED_DEVICE_FAMILY = "1,2";
			};
			name = Release;
		};
		4305AC592A05AABA00BCCCD8 /* Debug */ = {
			isa = XCBuildConfiguration;
			buildSettings = {
				ALWAYS_EMBED_SWIFT_STANDARD_LIBRARIES = YES;
				BUNDLE_LOADER = "$(TEST_HOST)";
				CODE_SIGN_STYLE = Automatic;
				CURRENT_PROJECT_VERSION = 1;
				DEVELOPMENT_TEAM = 3VL3FJXX72;
				GENERATE_INFOPLIST_FILE = YES;
				IPHONEOS_DEPLOYMENT_TARGET = 16.4;
				MARKETING_VERSION = 1.0;
				PRODUCT_BUNDLE_IDENTIFIER = com.benjaminsurrey.breathTests;
				PRODUCT_NAME = "$(TARGET_NAME)";
				SWIFT_EMIT_LOC_STRINGS = NO;
				SWIFT_VERSION = 5.0;
				TARGETED_DEVICE_FAMILY = "1,2";
				TEST_HOST = "$(BUILT_PRODUCTS_DIR)/breath.app/$(BUNDLE_EXECUTABLE_FOLDER_PATH)/breath";
			};
			name = Debug;
		};
		4305AC5A2A05AABA00BCCCD8 /* Release */ = {
			isa = XCBuildConfiguration;
			buildSettings = {
				ALWAYS_EMBED_SWIFT_STANDARD_LIBRARIES = YES;
				BUNDLE_LOADER = "$(TEST_HOST)";
				CODE_SIGN_STYLE = Automatic;
				CURRENT_PROJECT_VERSION = 1;
				DEVELOPMENT_TEAM = 3VL3FJXX72;
				GENERATE_INFOPLIST_FILE = YES;
				IPHONEOS_DEPLOYMENT_TARGET = 16.4;
				MARKETING_VERSION = 1.0;
				PRODUCT_BUNDLE_IDENTIFIER = com.benjaminsurrey.breathTests;
				PRODUCT_NAME = "$(TARGET_NAME)";
				SWIFT_EMIT_LOC_STRINGS = NO;
				SWIFT_VERSION = 5.0;
				TARGETED_DEVICE_FAMILY = "1,2";
				TEST_HOST = "$(BUILT_PRODUCTS_DIR)/breath.app/$(BUNDLE_EXECUTABLE_FOLDER_PATH)/breath";
			};
			name = Release;
		};
		4305AC5C2A05AABA00BCCCD8 /* Debug */ = {
			isa = XCBuildConfiguration;
			buildSettings = {
				ALWAYS_EMBED_SWIFT_STANDARD_LIBRARIES = YES;
				CODE_SIGN_STYLE = Automatic;
				CURRENT_PROJECT_VERSION = 1;
				DEVELOPMENT_TEAM = 3VL3FJXX72;
				GENERATE_INFOPLIST_FILE = YES;
				MARKETING_VERSION = 1.0;
				PRODUCT_BUNDLE_IDENTIFIER = com.benjaminsurrey.breathUITests;
				PRODUCT_NAME = "$(TARGET_NAME)";
				SWIFT_EMIT_LOC_STRINGS = NO;
				SWIFT_VERSION = 5.0;
				TARGETED_DEVICE_FAMILY = "1,2";
				TEST_TARGET_NAME = breath;
			};
			name = Debug;
		};
		4305AC5D2A05AABA00BCCCD8 /* Release */ = {
			isa = XCBuildConfiguration;
			buildSettings = {
				ALWAYS_EMBED_SWIFT_STANDARD_LIBRARIES = YES;
				CODE_SIGN_STYLE = Automatic;
				CURRENT_PROJECT_VERSION = 1;
				DEVELOPMENT_TEAM = 3VL3FJXX72;
				GENERATE_INFOPLIST_FILE = YES;
				MARKETING_VERSION = 1.0;
				PRODUCT_BUNDLE_IDENTIFIER = com.benjaminsurrey.breathUITests;
				PRODUCT_NAME = "$(TARGET_NAME)";
				SWIFT_EMIT_LOC_STRINGS = NO;
				SWIFT_VERSION = 5.0;
				TARGETED_DEVICE_FAMILY = "1,2";
				TEST_TARGET_NAME = breath;
			};
			name = Release;
		};
/* End XCBuildConfiguration section */

/* Begin XCConfigurationList section */
		4305AC262A05AAB900BCCCD8 /* Build configuration list for PBXProject "breath" */ = {
			isa = XCConfigurationList;
			buildConfigurations = (
				4305AC532A05AABA00BCCCD8 /* Debug */,
				4305AC542A05AABA00BCCCD8 /* Release */,
			);
			defaultConfigurationIsVisible = 0;
			defaultConfigurationName = Release;
		};
		4305AC552A05AABA00BCCCD8 /* Build configuration list for PBXNativeTarget "breath" */ = {
			isa = XCConfigurationList;
			buildConfigurations = (
				4305AC562A05AABA00BCCCD8 /* Debug */,
				4305AC572A05AABA00BCCCD8 /* Release */,
			);
			defaultConfigurationIsVisible = 0;
			defaultConfigurationName = Release;
		};
		4305AC582A05AABA00BCCCD8 /* Build configuration list for PBXNativeTarget "breathTests" */ = {
			isa = XCConfigurationList;
			buildConfigurations = (
				4305AC592A05AABA00BCCCD8 /* Debug */,
				4305AC5A2A05AABA00BCCCD8 /* Release */,
			);
			defaultConfigurationIsVisible = 0;
			defaultConfigurationName = Release;
		};
		4305AC5B2A05AABA00BCCCD8 /* Build configuration list for PBXNativeTarget "breathUITests" */ = {
			isa = XCConfigurationList;
			buildConfigurations = (
				4305AC5C2A05AABA00BCCCD8 /* Debug */,
				4305AC5D2A05AABA00BCCCD8 /* Release */,
			);
			defaultConfigurationIsVisible = 0;
			defaultConfigurationName = Release;
		};
/* End XCConfigurationList section */

/* Begin XCVersionGroup section */
		4305AC392A05AABA00BCCCD8 /* breath.xcdatamodeld */ = {
			isa = XCVersionGroup;
			children = (
				4305AC3A2A05AABA00BCCCD8 /* breath.xcdatamodel */,
			);
			currentVersion = 4305AC3A2A05AABA00BCCCD8 /* breath.xcdatamodel */;
			path = breath.xcdatamodeld;
			sourceTree = "<group>";
			versionGroupType = wrapper.xcdatamodel;
		};
/* End XCVersionGroup section */
	};
	rootObject = 4305AC232A05AAB900BCCCD8 /* Project object */;
}
